// !$*UTF8*$!
{
	archiveVersion = 1;
	classes = {
	};
	objectVersion = 56;
	objects = {

/* Begin PBXBuildFile section */
		B612A09D2DDBD1050030D805 /* ShopView.swift in Sources */ = {isa = PBXBuildFile; fileRef = B612A09C2DDBD1050030D805 /* ShopView.swift */; };
		B612A09F2DDBD1120030D805 /* EventView.swift in Sources */ = {isa = PBXBuildFile; fileRef = B612A09E2DDBD1120030D805 /* EventView.swift */; };
		B612A0A12DDBD25D0030D805 /* SettingsView.swift in Sources */ = {isa = PBXBuildFile; fileRef = B612A0A02DDBD25D0030D805 /* SettingsView.swift */; };
		B643D25B2A9C295900D99896 /* MainMenuView.swift in Sources */ = {isa = PBXBuildFile; fileRef = B643D25A2A9C295900D99896 /* MainMenuView.swift */; };
		B64FAD692A21774400348998 /* Enemy.swift in Sources */ = {isa = PBXBuildFile; fileRef = B64FAD682A21774400348998 /* Enemy.swift */; };
		B6654CBF2DD3F3B500B33E2C /* RootView.swift in Sources */ = {isa = PBXBuildFile; fileRef = B6654CBE2DD3F3B500B33E2C /* RootView.swift */; };
		B6654CC52DD53ACA00B33E2C /* SoundManager.swift in Sources */ = {isa = PBXBuildFile; fileRef = B6654CC42DD53ACA00B33E2C /* SoundManager.swift */; };
		B6654CC82DD53B4000B33E2C /* click.wav in Resources */ = {isa = PBXBuildFile; fileRef = B6654CC72DD53B4000B33E2C /* click.wav */; };
		B6654CCA2DD53D5D00B33E2C /* soundtrack.mp3 in Resources */ = {isa = PBXBuildFile; fileRef = B6654CC92DD53D5D00B33E2C /* soundtrack.mp3 */; };
		B6654CCF2DD53F4E00B33E2C /* goblindeath.wav in Resources */ = {isa = PBXBuildFile; fileRef = B6654CCB2DD53F4D00B33E2C /* goblindeath.wav */; };
		B6654CD02DD53F4E00B33E2C /* humanoidhit.wav in Resources */ = {isa = PBXBuildFile; fileRef = B6654CCC2DD53F4D00B33E2C /* humanoidhit.wav */; };
		B6654CD12DD53F4E00B33E2C /* goblinhit.wav in Resources */ = {isa = PBXBuildFile; fileRef = B6654CCD2DD53F4D00B33E2C /* goblinhit.wav */; };
		B6654CD22DD53F4E00B33E2C /* humanoiddeath.wav in Resources */ = {isa = PBXBuildFile; fileRef = B6654CCE2DD53F4E00B33E2C /* humanoiddeath.wav */; };
		B6654CD42DD5620700B33E2C /* Action.swift in Sources */ = {isa = PBXBuildFile; fileRef = B6654CD32DD5620700B33E2C /* Action.swift */; };
		B6654CD62DD59FD100B33E2C /* Node.swift in Sources */ = {isa = PBXBuildFile; fileRef = B6654CD52DD59FD100B33E2C /* Node.swift */; };
		B6654CDA2DD7F06200B33E2C /* MapView.swift in Sources */ = {isa = PBXBuildFile; fileRef = B6654CD92DD7F06200B33E2C /* MapView.swift */; };
		B689C6722E78EB1300AA786E /* Relic.swift in Sources */ = {isa = PBXBuildFile; fileRef = B689C6712E78EB1300AA786E /* Relic.swift */; };
		B6A92FF52A147B8E00AEF4E7 /* RuneBinder2App.swift in Sources */ = {isa = PBXBuildFile; fileRef = B6A92FF42A147B8E00AEF4E7 /* RuneBinder2App.swift */; };
		B6A92FF72A147B8E00AEF4E7 /* ContentView.swift in Sources */ = {isa = PBXBuildFile; fileRef = B6A92FF62A147B8E00AEF4E7 /* ContentView.swift */; };
		B6A92FF92A147B9200AEF4E7 /* Assets.xcassets in Resources */ = {isa = PBXBuildFile; fileRef = B6A92FF82A147B9200AEF4E7 /* Assets.xcassets */; };
		B6A92FFC2A147B9200AEF4E7 /* Preview Assets.xcassets in Resources */ = {isa = PBXBuildFile; fileRef = B6A92FFB2A147B9200AEF4E7 /* Preview Assets.xcassets */; };
		B6A930052A147C2900AEF4E7 /* RuneBinderGame.swift in Sources */ = {isa = PBXBuildFile; fileRef = B6A930042A147C2900AEF4E7 /* RuneBinderGame.swift */; };
		B6A930072A147C4100AEF4E7 /* RuneBinderViewModel.swift in Sources */ = {isa = PBXBuildFile; fileRef = B6A930062A147C4000AEF4E7 /* RuneBinderViewModel.swift */; };
		B6A930092A147C6200AEF4E7 /* Rune.swift in Sources */ = {isa = PBXBuildFile; fileRef = B6A930082A147C6200AEF4E7 /* Rune.swift */; };
		B6AFAFDA2DDE68F900F06F34 /* RuneView.swift in Sources */ = {isa = PBXBuildFile; fileRef = B6AFAFD92DDE68F900F06F34 /* RuneView.swift */; };
		B6AFAFDC2DE8FEAB00F06F34 /* EnemyEncounters.swift in Sources */ = {isa = PBXBuildFile; fileRef = B6AFAFDB2DE8FEAB00F06F34 /* EnemyEncounters.swift */; };
		B6AFAFE32DE9093300F06F34 /* ForestEncounters.json in Resources */ = {isa = PBXBuildFile; fileRef = B6AFAFE22DE9093300F06F34 /* ForestEncounters.json */; };
		B6AFAFE52DE959BB00F06F34 /* EnchantGrid.swift in Sources */ = {isa = PBXBuildFile; fileRef = B6AFAFE42DE959BB00F06F34 /* EnchantGrid.swift */; };
		B6D1D24D2A1B0B24001A16BD /* Player.swift in Sources */ = {isa = PBXBuildFile; fileRef = B6D1D24C2A1B0B24001A16BD /* Player.swift */; };
		B6D1D24F2A1B0B6A001A16BD /* Enchantment.swift in Sources */ = {isa = PBXBuildFile; fileRef = B6D1D24E2A1B0B6A001A16BD /* Enchantment.swift */; };
/* End PBXBuildFile section */

/* Begin PBXFileReference section */
		B612A09C2DDBD1050030D805 /* ShopView.swift */ = {isa = PBXFileReference; lastKnownFileType = sourcecode.swift; path = ShopView.swift; sourceTree = "<group>"; };
		B612A09E2DDBD1120030D805 /* EventView.swift */ = {isa = PBXFileReference; lastKnownFileType = sourcecode.swift; path = EventView.swift; sourceTree = "<group>"; };
		B612A0A02DDBD25D0030D805 /* SettingsView.swift */ = {isa = PBXFileReference; lastKnownFileType = sourcecode.swift; path = SettingsView.swift; sourceTree = "<group>"; };
		B643D25A2A9C295900D99896 /* MainMenuView.swift */ = {isa = PBXFileReference; lastKnownFileType = sourcecode.swift; path = MainMenuView.swift; sourceTree = "<group>"; };
		B64FAD682A21774400348998 /* Enemy.swift */ = {isa = PBXFileReference; lastKnownFileType = sourcecode.swift; path = Enemy.swift; sourceTree = "<group>"; };
		B6654CBE2DD3F3B500B33E2C /* RootView.swift */ = {isa = PBXFileReference; lastKnownFileType = sourcecode.swift; path = RootView.swift; sourceTree = "<group>"; };
		B6654CC42DD53ACA00B33E2C /* SoundManager.swift */ = {isa = PBXFileReference; lastKnownFileType = sourcecode.swift; path = SoundManager.swift; sourceTree = "<group>"; };
		B6654CC72DD53B4000B33E2C /* click.wav */ = {isa = PBXFileReference; lastKnownFileType = audio.wav; path = click.wav; sourceTree = "<group>"; };
		B6654CC92DD53D5D00B33E2C /* soundtrack.mp3 */ = {isa = PBXFileReference; lastKnownFileType = audio.mp3; path = soundtrack.mp3; sourceTree = "<group>"; };
		B6654CCB2DD53F4D00B33E2C /* goblindeath.wav */ = {isa = PBXFileReference; lastKnownFileType = audio.wav; path = goblindeath.wav; sourceTree = "<group>"; };
		B6654CCC2DD53F4D00B33E2C /* humanoidhit.wav */ = {isa = PBXFileReference; lastKnownFileType = audio.wav; path = humanoidhit.wav; sourceTree = "<group>"; };
		B6654CCD2DD53F4D00B33E2C /* goblinhit.wav */ = {isa = PBXFileReference; lastKnownFileType = audio.wav; path = goblinhit.wav; sourceTree = "<group>"; };
		B6654CCE2DD53F4E00B33E2C /* humanoiddeath.wav */ = {isa = PBXFileReference; lastKnownFileType = audio.wav; path = humanoiddeath.wav; sourceTree = "<group>"; };
		B6654CD32DD5620700B33E2C /* Action.swift */ = {isa = PBXFileReference; lastKnownFileType = sourcecode.swift; path = Action.swift; sourceTree = "<group>"; };
		B6654CD52DD59FD100B33E2C /* Node.swift */ = {isa = PBXFileReference; lastKnownFileType = sourcecode.swift; path = Node.swift; sourceTree = "<group>"; };
		B6654CD92DD7F06200B33E2C /* MapView.swift */ = {isa = PBXFileReference; lastKnownFileType = sourcecode.swift; path = MapView.swift; sourceTree = "<group>"; };
		B689C6712E78EB1300AA786E /* Relic.swift */ = {isa = PBXFileReference; lastKnownFileType = sourcecode.swift; path = Relic.swift; sourceTree = "<group>"; };
		B6A92FF12A147B8E00AEF4E7 /* RuneBinder2.app */ = {isa = PBXFileReference; explicitFileType = wrapper.application; includeInIndex = 0; path = RuneBinder2.app; sourceTree = BUILT_PRODUCTS_DIR; };
		B6A92FF42A147B8E00AEF4E7 /* RuneBinder2App.swift */ = {isa = PBXFileReference; lastKnownFileType = sourcecode.swift; path = RuneBinder2App.swift; sourceTree = "<group>"; };
		B6A92FF62A147B8E00AEF4E7 /* ContentView.swift */ = {isa = PBXFileReference; lastKnownFileType = sourcecode.swift; path = ContentView.swift; sourceTree = "<group>"; };
		B6A92FF82A147B9200AEF4E7 /* Assets.xcassets */ = {isa = PBXFileReference; lastKnownFileType = folder.assetcatalog; path = Assets.xcassets; sourceTree = "<group>"; };
		B6A92FFB2A147B9200AEF4E7 /* Preview Assets.xcassets */ = {isa = PBXFileReference; lastKnownFileType = folder.assetcatalog; path = "Preview Assets.xcassets"; sourceTree = "<group>"; };
		B6A930042A147C2900AEF4E7 /* RuneBinderGame.swift */ = {isa = PBXFileReference; lastKnownFileType = sourcecode.swift; path = RuneBinderGame.swift; sourceTree = "<group>"; };
		B6A930062A147C4000AEF4E7 /* RuneBinderViewModel.swift */ = {isa = PBXFileReference; lastKnownFileType = sourcecode.swift; path = RuneBinderViewModel.swift; sourceTree = "<group>"; };
		B6A930082A147C6200AEF4E7 /* Rune.swift */ = {isa = PBXFileReference; lastKnownFileType = sourcecode.swift; path = Rune.swift; sourceTree = "<group>"; };
		B6AFAFD92DDE68F900F06F34 /* RuneView.swift */ = {isa = PBXFileReference; lastKnownFileType = sourcecode.swift; path = RuneView.swift; sourceTree = "<group>"; };
		B6AFAFDB2DE8FEAB00F06F34 /* EnemyEncounters.swift */ = {isa = PBXFileReference; lastKnownFileType = sourcecode.swift; path = EnemyEncounters.swift; sourceTree = "<group>"; };
		B6AFAFE22DE9093300F06F34 /* ForestEncounters.json */ = {isa = PBXFileReference; lastKnownFileType = text.json; path = ForestEncounters.json; sourceTree = "<group>"; };
		B6AFAFE42DE959BB00F06F34 /* EnchantGrid.swift */ = {isa = PBXFileReference; lastKnownFileType = sourcecode.swift; path = EnchantGrid.swift; sourceTree = "<group>"; };
		B6D1D24C2A1B0B24001A16BD /* Player.swift */ = {isa = PBXFileReference; lastKnownFileType = sourcecode.swift; path = Player.swift; sourceTree = "<group>"; };
		B6D1D24E2A1B0B6A001A16BD /* Enchantment.swift */ = {isa = PBXFileReference; lastKnownFileType = sourcecode.swift; path = Enchantment.swift; sourceTree = "<group>"; };
/* End PBXFileReference section */

/* Begin PBXFrameworksBuildPhase section */
		B6A92FEE2A147B8E00AEF4E7 /* Frameworks */ = {
			isa = PBXFrameworksBuildPhase;
			buildActionMask = 2147483647;
			files = (
			);
			runOnlyForDeploymentPostprocessing = 0;
		};
/* End PBXFrameworksBuildPhase section */

/* Begin PBXGroup section */
		B6654CC22DD5392400B33E2C /* Views */ = {
			isa = PBXGroup;
			children = (
				B643D25A2A9C295900D99896 /* MainMenuView.swift */,
				B6654CBE2DD3F3B500B33E2C /* RootView.swift */,
				B612A0A02DDBD25D0030D805 /* SettingsView.swift */,
				B612A09C2DDBD1050030D805 /* ShopView.swift */,
				B612A09E2DDBD1120030D805 /* EventView.swift */,
				B6A92FF62A147B8E00AEF4E7 /* ContentView.swift */,
				B6AFAFE42DE959BB00F06F34 /* EnchantGrid.swift */,
				B6AFAFD92DDE68F900F06F34 /* RuneView.swift */,
				B6654CD92DD7F06200B33E2C /* MapView.swift */,
			);
			path = Views;
			sourceTree = "<group>";
		};
		B6654CC32DD539DC00B33E2C /* Class Definitons */ = {
			isa = PBXGroup;
			children = (
				B6654CD52DD59FD100B33E2C /* Node.swift */,
				B64FAD682A21774400348998 /* Enemy.swift */,
				B6AFAFDB2DE8FEAB00F06F34 /* EnemyEncounters.swift */,
				B6654CD32DD5620700B33E2C /* Action.swift */,
				B6D1D24E2A1B0B6A001A16BD /* Enchantment.swift */,
				B6D1D24C2A1B0B24001A16BD /* Player.swift */,
				B6A930082A147C6200AEF4E7 /* Rune.swift */,
				B689C6712E78EB1300AA786E /* Relic.swift */,
			);
			path = "Class Definitons";
			sourceTree = "<group>";
		};
		B6654CC62DD53B1700B33E2C /* Resources */ = {
			isa = PBXGroup;
			children = (
				B6AFAFDF2DE9071F00F06F34 /* Storage */,
				B6AFAFDD2DE906E800F06F34 /* Sound Effects */,
			);
			path = Resources;
			sourceTree = "<group>";
		};
		B6A92FE82A147B8E00AEF4E7 = {
			isa = PBXGroup;
			children = (
				B6A92FF32A147B8E00AEF4E7 /* RuneBinder2 */,
				B6A92FF22A147B8E00AEF4E7 /* Products */,
			);
			sourceTree = "<group>";
		};
		B6A92FF22A147B8E00AEF4E7 /* Products */ = {
			isa = PBXGroup;
			children = (
				B6A92FF12A147B8E00AEF4E7 /* RuneBinder2.app */,
			);
			name = Products;
			sourceTree = "<group>";
		};
		B6A92FF32A147B8E00AEF4E7 /* RuneBinder2 */ = {
			isa = PBXGroup;
			children = (
				B6654CC62DD53B1700B33E2C /* Resources */,
				B6654CC32DD539DC00B33E2C /* Class Definitons */,
				B6654CC22DD5392400B33E2C /* Views */,
				B6A92FF42A147B8E00AEF4E7 /* RuneBinder2App.swift */,
				B6A930042A147C2900AEF4E7 /* RuneBinderGame.swift */,
				B6654CC42DD53ACA00B33E2C /* SoundManager.swift */,
				B6A930062A147C4000AEF4E7 /* RuneBinderViewModel.swift */,
				B6A92FF82A147B9200AEF4E7 /* Assets.xcassets */,
				B6A92FFA2A147B9200AEF4E7 /* Preview Content */,
			);
			path = RuneBinder2;
			sourceTree = "<group>";
		};
		B6A92FFA2A147B9200AEF4E7 /* Preview Content */ = {
			isa = PBXGroup;
			children = (
				B6A92FFB2A147B9200AEF4E7 /* Preview Assets.xcassets */,
			);
			path = "Preview Content";
			sourceTree = "<group>";
		};
		B6AFAFDD2DE906E800F06F34 /* Sound Effects */ = {
			isa = PBXGroup;
			children = (
				B6654CC92DD53D5D00B33E2C /* soundtrack.mp3 */,
				B6654CC72DD53B4000B33E2C /* click.wav */,
				B6654CCB2DD53F4D00B33E2C /* goblindeath.wav */,
				B6654CCD2DD53F4D00B33E2C /* goblinhit.wav */,
				B6654CCE2DD53F4E00B33E2C /* humanoiddeath.wav */,
				B6654CCC2DD53F4D00B33E2C /* humanoidhit.wav */,
			);
			path = "Sound Effects";
			sourceTree = "<group>";
		};
		B6AFAFDF2DE9071F00F06F34 /* Storage */ = {
			isa = PBXGroup;
			children = (
				B6AFAFE22DE9093300F06F34 /* ForestEncounters.json */,
			);
			path = Storage;
			sourceTree = "<group>";
		};
/* End PBXGroup section */

/* Begin PBXNativeTarget section */
		B6A92FF02A147B8E00AEF4E7 /* RuneBinder2 */ = {
			isa = PBXNativeTarget;
			buildConfigurationList = B6A92FFF2A147B9200AEF4E7 /* Build configuration list for PBXNativeTarget "RuneBinder2" */;
			buildPhases = (
				B6A92FED2A147B8E00AEF4E7 /* Sources */,
				B6A92FEE2A147B8E00AEF4E7 /* Frameworks */,
				B6A92FEF2A147B8E00AEF4E7 /* Resources */,
			);
			buildRules = (
			);
			dependencies = (
			);
			name = RuneBinder2;
			productName = RuneBinder2;
			productReference = B6A92FF12A147B8E00AEF4E7 /* RuneBinder2.app */;
			productType = "com.apple.product-type.application";
		};
/* End PBXNativeTarget section */

/* Begin PBXProject section */
		B6A92FE92A147B8E00AEF4E7 /* Project object */ = {
			isa = PBXProject;
			attributes = {
				BuildIndependentTargetsInParallel = 1;
				LastSwiftUpdateCheck = 1430;
				LastUpgradeCheck = 1430;
				TargetAttributes = {
					B6A92FF02A147B8E00AEF4E7 = {
						CreatedOnToolsVersion = 14.3;
					};
				};
			};
			buildConfigurationList = B6A92FEC2A147B8E00AEF4E7 /* Build configuration list for PBXProject "RuneBinder2" */;
			compatibilityVersion = "Xcode 14.0";
			developmentRegion = en;
			hasScannedForEncodings = 0;
			knownRegions = (
				en,
				Base,
			);
			mainGroup = B6A92FE82A147B8E00AEF4E7;
			productRefGroup = B6A92FF22A147B8E00AEF4E7 /* Products */;
			projectDirPath = "";
			projectRoot = "";
			targets = (
				B6A92FF02A147B8E00AEF4E7 /* RuneBinder2 */,
			);
		};
/* End PBXProject section */

/* Begin PBXResourcesBuildPhase section */
		B6A92FEF2A147B8E00AEF4E7 /* Resources */ = {
			isa = PBXResourcesBuildPhase;
			buildActionMask = 2147483647;
			files = (
				B6654CD22DD53F4E00B33E2C /* humanoiddeath.wav in Resources */,
				B6654CC82DD53B4000B33E2C /* click.wav in Resources */,
				B6654CD12DD53F4E00B33E2C /* goblinhit.wav in Resources */,
				B6A92FFC2A147B9200AEF4E7 /* Preview Assets.xcassets in Resources */,
				B6654CCA2DD53D5D00B33E2C /* soundtrack.mp3 in Resources */,
				B6654CD02DD53F4E00B33E2C /* humanoidhit.wav in Resources */,
				B6A92FF92A147B9200AEF4E7 /* Assets.xcassets in Resources */,
				B6AFAFE32DE9093300F06F34 /* ForestEncounters.json in Resources */,
				B6654CCF2DD53F4E00B33E2C /* goblindeath.wav in Resources */,
			);
			runOnlyForDeploymentPostprocessing = 0;
		};
/* End PBXResourcesBuildPhase section */

/* Begin PBXSourcesBuildPhase section */
		B6A92FED2A147B8E00AEF4E7 /* Sources */ = {
			isa = PBXSourcesBuildPhase;
			buildActionMask = 2147483647;
			files = (
				B689C6722E78EB1300AA786E /* Relic.swift in Sources */,
				B6D1D24F2A1B0B6A001A16BD /* Enchantment.swift in Sources */,
				B6654CD42DD5620700B33E2C /* Action.swift in Sources */,
				B6A92FF72A147B8E00AEF4E7 /* ContentView.swift in Sources */,
				B612A09D2DDBD1050030D805 /* ShopView.swift in Sources */,
				B6AFAFDC2DE8FEAB00F06F34 /* EnemyEncounters.swift in Sources */,
				B6AFAFDA2DDE68F900F06F34 /* RuneView.swift in Sources */,
				B6A930092A147C6200AEF4E7 /* Rune.swift in Sources */,
				B612A0A12DDBD25D0030D805 /* SettingsView.swift in Sources */,
				B643D25B2A9C295900D99896 /* MainMenuView.swift in Sources */,
				B6654CD62DD59FD100B33E2C /* Node.swift in Sources */,
				B612A09F2DDBD1120030D805 /* EventView.swift in Sources */,
				B6654CBF2DD3F3B500B33E2C /* RootView.swift in Sources */,
				B6654CDA2DD7F06200B33E2C /* MapView.swift in Sources */,
				B6A930052A147C2900AEF4E7 /* RuneBinderGame.swift in Sources */,
				B64FAD692A21774400348998 /* Enemy.swift in Sources */,
				B6AFAFE52DE959BB00F06F34 /* EnchantGrid.swift in Sources */,
				B6A930072A147C4100AEF4E7 /* RuneBinderViewModel.swift in Sources */,
				B6D1D24D2A1B0B24001A16BD /* Player.swift in Sources */,
				B6654CC52DD53ACA00B33E2C /* SoundManager.swift in Sources */,
				B6A92FF52A147B8E00AEF4E7 /* RuneBinder2App.swift in Sources */,
			);
			runOnlyForDeploymentPostprocessing = 0;
		};
/* End PBXSourcesBuildPhase section */

/* Begin XCBuildConfiguration section */
		B6A92FFD2A147B9200AEF4E7 /* Debug */ = {
			isa = XCBuildConfiguration;
			buildSettings = {
				ALWAYS_SEARCH_USER_PATHS = NO;
				CLANG_ANALYZER_NONNULL = YES;
				CLANG_ANALYZER_NUMBER_OBJECT_CONVERSION = YES_AGGRESSIVE;
				CLANG_CXX_LANGUAGE_STANDARD = "gnu++20";
				CLANG_ENABLE_MODULES = YES;
				CLANG_ENABLE_OBJC_ARC = YES;
				CLANG_ENABLE_OBJC_WEAK = YES;
				CLANG_WARN_BLOCK_CAPTURE_AUTORELEASING = YES;
				CLANG_WARN_BOOL_CONVERSION = YES;
				CLANG_WARN_COMMA = YES;
				CLANG_WARN_CONSTANT_CONVERSION = YES;
				CLANG_WARN_DEPRECATED_OBJC_IMPLEMENTATIONS = YES;
				CLANG_WARN_DIRECT_OBJC_ISA_USAGE = YES_ERROR;
				CLANG_WARN_DOCUMENTATION_COMMENTS = YES;
				CLANG_WARN_EMPTY_BODY = YES;
				CLANG_WARN_ENUM_CONVERSION = YES;
				CLANG_WARN_INFINITE_RECURSION = YES;
				CLANG_WARN_INT_CONVERSION = YES;
				CLANG_WARN_NON_LITERAL_NULL_CONVERSION = YES;
				CLANG_WARN_OBJC_IMPLICIT_RETAIN_SELF = YES;
				CLANG_WARN_OBJC_LITERAL_CONVERSION = YES;
				CLANG_WARN_OBJC_ROOT_CLASS = YES_ERROR;
				CLANG_WARN_QUOTED_INCLUDE_IN_FRAMEWORK_HEADER = YES;
				CLANG_WARN_RANGE_LOOP_ANALYSIS = YES;
				CLANG_WARN_STRICT_PROTOTYPES = YES;
				CLANG_WARN_SUSPICIOUS_MOVE = YES;
				CLANG_WARN_UNGUARDED_AVAILABILITY = YES_AGGRESSIVE;
				CLANG_WARN_UNREACHABLE_CODE = YES;
				CLANG_WARN__DUPLICATE_METHOD_MATCH = YES;
				COPY_PHASE_STRIP = NO;
				DEBUG_INFORMATION_FORMAT = dwarf;
				ENABLE_STRICT_OBJC_MSGSEND = YES;
				ENABLE_TESTABILITY = YES;
				GCC_C_LANGUAGE_STANDARD = gnu11;
				GCC_DYNAMIC_NO_PIC = NO;
				GCC_NO_COMMON_BLOCKS = YES;
				GCC_OPTIMIZATION_LEVEL = 0;
				GCC_PREPROCESSOR_DEFINITIONS = (
					"DEBUG=1",
					"$(inherited)",
				);
				GCC_WARN_64_TO_32_BIT_CONVERSION = YES;
				GCC_WARN_ABOUT_RETURN_TYPE = YES_ERROR;
				GCC_WARN_UNDECLARED_SELECTOR = YES;
				GCC_WARN_UNINITIALIZED_AUTOS = YES_AGGRESSIVE;
				GCC_WARN_UNUSED_FUNCTION = YES;
				GCC_WARN_UNUSED_VARIABLE = YES;
				IPHONEOS_DEPLOYMENT_TARGET = 16.4;
				MTL_ENABLE_DEBUG_INFO = INCLUDE_SOURCE;
				MTL_FAST_MATH = YES;
				ONLY_ACTIVE_ARCH = YES;
				SDKROOT = iphoneos;
				SWIFT_ACTIVE_COMPILATION_CONDITIONS = DEBUG;
				SWIFT_OPTIMIZATION_LEVEL = "-Onone";
			};
			name = Debug;
		};
		B6A92FFE2A147B9200AEF4E7 /* Release */ = {
			isa = XCBuildConfiguration;
			buildSettings = {
				ALWAYS_SEARCH_USER_PATHS = NO;
				CLANG_ANALYZER_NONNULL = YES;
				CLANG_ANALYZER_NUMBER_OBJECT_CONVERSION = YES_AGGRESSIVE;
				CLANG_CXX_LANGUAGE_STANDARD = "gnu++20";
				CLANG_ENABLE_MODULES = YES;
				CLANG_ENABLE_OBJC_ARC = YES;
				CLANG_ENABLE_OBJC_WEAK = YES;
				CLANG_WARN_BLOCK_CAPTURE_AUTORELEASING = YES;
				CLANG_WARN_BOOL_CONVERSION = YES;
				CLANG_WARN_COMMA = YES;
				CLANG_WARN_CONSTANT_CONVERSION = YES;
				CLANG_WARN_DEPRECATED_OBJC_IMPLEMENTATIONS = YES;
				CLANG_WARN_DIRECT_OBJC_ISA_USAGE = YES_ERROR;
				CLANG_WARN_DOCUMENTATION_COMMENTS = YES;
				CLANG_WARN_EMPTY_BODY = YES;
				CLANG_WARN_ENUM_CONVERSION = YES;
				CLANG_WARN_INFINITE_RECURSION = YES;
				CLANG_WARN_INT_CONVERSION = YES;
				CLANG_WARN_NON_LITERAL_NULL_CONVERSION = YES;
				CLANG_WARN_OBJC_IMPLICIT_RETAIN_SELF = YES;
				CLANG_WARN_OBJC_LITERAL_CONVERSION = YES;
				CLANG_WARN_OBJC_ROOT_CLASS = YES_ERROR;
				CLANG_WARN_QUOTED_INCLUDE_IN_FRAMEWORK_HEADER = YES;
				CLANG_WARN_RANGE_LOOP_ANALYSIS = YES;
				CLANG_WARN_STRICT_PROTOTYPES = YES;
				CLANG_WARN_SUSPICIOUS_MOVE = YES;
				CLANG_WARN_UNGUARDED_AVAILABILITY = YES_AGGRESSIVE;
				CLANG_WARN_UNREACHABLE_CODE = YES;
				CLANG_WARN__DUPLICATE_METHOD_MATCH = YES;
				COPY_PHASE_STRIP = NO;
				DEBUG_INFORMATION_FORMAT = "dwarf-with-dsym";
				ENABLE_NS_ASSERTIONS = NO;
				ENABLE_STRICT_OBJC_MSGSEND = YES;
				GCC_C_LANGUAGE_STANDARD = gnu11;
				GCC_NO_COMMON_BLOCKS = YES;
				GCC_WARN_64_TO_32_BIT_CONVERSION = YES;
				GCC_WARN_ABOUT_RETURN_TYPE = YES_ERROR;
				GCC_WARN_UNDECLARED_SELECTOR = YES;
				GCC_WARN_UNINITIALIZED_AUTOS = YES_AGGRESSIVE;
				GCC_WARN_UNUSED_FUNCTION = YES;
				GCC_WARN_UNUSED_VARIABLE = YES;
				IPHONEOS_DEPLOYMENT_TARGET = 16.4;
				MTL_ENABLE_DEBUG_INFO = NO;
				MTL_FAST_MATH = YES;
				SDKROOT = iphoneos;
				SWIFT_COMPILATION_MODE = wholemodule;
				SWIFT_OPTIMIZATION_LEVEL = "-O";
				VALIDATE_PRODUCT = YES;
			};
			name = Release;
		};
		B6A930002A147B9200AEF4E7 /* Debug */ = {
			isa = XCBuildConfiguration;
			buildSettings = {
				ASSETCATALOG_COMPILER_APPICON_NAME = AppIcon;
				ASSETCATALOG_COMPILER_GLOBAL_ACCENT_COLOR_NAME = AccentColor;
				CODE_SIGN_STYLE = Automatic;
				CURRENT_PROJECT_VERSION = 1;
				DEVELOPMENT_ASSET_PATHS = "\"RuneBinder2/Preview Content\"";
				DEVELOPMENT_TEAM = R7V7GXUJDU;
				ENABLE_PREVIEWS = YES;
				GENERATE_INFOPLIST_FILE = YES;
				INFOPLIST_KEY_UIApplicationSceneManifest_Generation = YES;
				INFOPLIST_KEY_UIApplicationSupportsIndirectInputEvents = YES;
				INFOPLIST_KEY_UILaunchScreen_Generation = YES;
				INFOPLIST_KEY_UISupportedInterfaceOrientations_iPad = "UIInterfaceOrientationPortrait UIInterfaceOrientationPortraitUpsideDown UIInterfaceOrientationLandscapeLeft UIInterfaceOrientationLandscapeRight";
				INFOPLIST_KEY_UISupportedInterfaceOrientations_iPhone = "UIInterfaceOrientationPortrait UIInterfaceOrientationLandscapeLeft UIInterfaceOrientationLandscapeRight";
				LD_RUNPATH_SEARCH_PATHS = (
					"$(inherited)",
					"@executable_path/Frameworks",
				);
				MARKETING_VERSION = 1.0;
				PRODUCT_BUNDLE_IDENTIFIER = RickySchober.RuneBinder2;
				PRODUCT_NAME = "$(TARGET_NAME)";
				SWIFT_EMIT_LOC_STRINGS = YES;
				SWIFT_VERSION = 5.0;
				TARGETED_DEVICE_FAMILY = "1,2";
			};
			name = Debug;
		};
		B6A930012A147B9200AEF4E7 /* Release */ = {
			isa = XCBuildConfiguration;
			buildSettings = {
				ASSETCATALOG_COMPILER_APPICON_NAME = AppIcon;
				ASSETCATALOG_COMPILER_GLOBAL_ACCENT_COLOR_NAME = AccentColor;
				CODE_SIGN_STYLE = Automatic;
				CURRENT_PROJECT_VERSION = 1;
				DEVELOPMENT_ASSET_PATHS = "\"RuneBinder2/Preview Content\"";
				DEVELOPMENT_TEAM = R7V7GXUJDU;
				ENABLE_PREVIEWS = YES;
				GENERATE_INFOPLIST_FILE = YES;
				INFOPLIST_KEY_UIApplicationSceneManifest_Generation = YES;
				INFOPLIST_KEY_UIApplicationSupportsIndirectInputEvents = YES;
				INFOPLIST_KEY_UILaunchScreen_Generation = YES;
				INFOPLIST_KEY_UISupportedInterfaceOrientations_iPad = "UIInterfaceOrientationPortrait UIInterfaceOrientationPortraitUpsideDown UIInterfaceOrientationLandscapeLeft UIInterfaceOrientationLandscapeRight";
				INFOPLIST_KEY_UISupportedInterfaceOrientations_iPhone = "UIInterfaceOrientationPortrait UIInterfaceOrientationLandscapeLeft UIInterfaceOrientationLandscapeRight";
				LD_RUNPATH_SEARCH_PATHS = (
					"$(inherited)",
					"@executable_path/Frameworks",
				);
				MARKETING_VERSION = 1.0;
				PRODUCT_BUNDLE_IDENTIFIER = RickySchober.RuneBinder2;
				PRODUCT_NAME = "$(TARGET_NAME)";
				SWIFT_EMIT_LOC_STRINGS = YES;
				SWIFT_VERSION = 5.0;
				TARGETED_DEVICE_FAMILY = "1,2";
			};
			name = Release;
		};
/* End XCBuildConfiguration section */

/* Begin XCConfigurationList section */
		B6A92FEC2A147B8E00AEF4E7 /* Build configuration list for PBXProject "RuneBinder2" */ = {
			isa = XCConfigurationList;
			buildConfigurations = (
				B6A92FFD2A147B9200AEF4E7 /* Debug */,
				B6A92FFE2A147B9200AEF4E7 /* Release */,
			);
			defaultConfigurationIsVisible = 0;
			defaultConfigurationName = Release;
		};
		B6A92FFF2A147B9200AEF4E7 /* Build configuration list for PBXNativeTarget "RuneBinder2" */ = {
			isa = XCConfigurationList;
			buildConfigurations = (
				B6A930002A147B9200AEF4E7 /* Debug */,
				B6A930012A147B9200AEF4E7 /* Release */,
			);
			defaultConfigurationIsVisible = 0;
			defaultConfigurationName = Release;
		};
/* End XCConfigurationList section */
	};
	rootObject = B6A92FE92A147B8E00AEF4E7 /* Project object */;
}
